{
  "name": "nodejs",
  "version": "1.0.0",
  "lockfileVersion": 1,
  "requires": true,
  "dependencies": {
    "@middy/core": {
      "version": "2.5.3",
      "resolved": "https://registry.npmjs.org/@middy/core/-/core-2.5.3.tgz",
      "integrity": "sha512-hCXlRglDu48sl03IjDGjcJwfwElIPAf0fwBu08kqE80qpnouZ1hGH1lZbkbJjAhz6DkSR+79YArUQKUYaM2k1g=="
    },
    "@middy/error-logger": {
      "version": "2.5.3",
      "resolved": "https://registry.npmjs.org/@middy/error-logger/-/error-logger-2.5.3.tgz",
      "integrity": "sha512-85qLb1HN4P7gBcD1PV6ZHOqmXsalF/zp3HKgRkH5gxp+ElSAl0fagKi7OLHLibzhXaqzfbc6hnXUlDhus3sgRg=="
    },
    "@middy/input-output-logger": {
      "version": "2.5.3",
      "resolved": "https://registry.npmjs.org/@middy/input-output-logger/-/input-output-logger-2.5.3.tgz",
      "integrity": "sha512-qC4WqtshlKWuiB8nNixHpP+vNUPgIS9GGtGPe+y40FyVnJpkhcgvxEolm28LSYVQeoFONonDupiGqDKkNsM9Dw=="
    }
  }
}
